<Solution>
  <Project Path="Unity.Mirror.CodeGen.csproj" />
  <Project Path="Edgegap.csproj" />
  <Project Path="Mirror.Components.csproj" />
  <Project Path="Mirror.Editor.csproj" />
  <Project Path="Mirror.Examples.csproj" />
  <Project Path="kcp2k.csproj" />
  <Project Path="Bunker.Systems.csproj" />
  <Project Path="Mirror.csproj" />
  <Project Path="SimpleWebTransport.csproj" />
  <Project Path="Bunker.Editor.csproj" />
  <Project Path="Bunker.AI.csproj" />
  <Project Path="Mirror.Authenticators.csproj" />
  <Project Path="Mirror.Transports.csproj" />
  <Project Path="EncryptionTransportEditor.csproj" />
  <Project Path="Bunker.Gameplay.csproj" />
  <Project Path="Bunker.Systems.Tests.csproj" />
  <Project Path="Bunker.Config.csproj" />
  <Project Path="Telepathy.csproj" />
  <Project Path="Bunker.Net.csproj" />
  <Project Path="Mirror.CompilerSymbols.csproj" />
  <Project Path="Bunker.UI.csproj" />
  <Project Path="Assembly-CSharp-Editor.csproj" />
</Solution>
